
Microsoft Visual Studio Solution File, Format Version 12.00
# Visual Studio 2013
VisualStudioVersion = 12.0.40629.0
MinimumVisualStudioVersion = 10.0.40219.1
Project("{E24C65DC-7377-472B-9ABA-BC803B73C61A}") = "Rhythm.Extensions.Website", "http://localhost:51295", "{9245C122-02C1-4E76-8A1B-70F9721E13F0}"
	ProjectSection(WebsiteProperties) = preProject
		UseIISExpress = "true"
		TargetFrameworkMoniker = ".NETFramework,Version%3Dv4.5"
		ProjectReferences = "{0129ed87-1abb-43d0-81b9-e602943400b1}|Rhythm.Extensions.dll;"
		Debug.AspNetCompiler.VirtualPath = "/Rhythm.Extensions.Website"
		Debug.AspNetCompiler.PhysicalPath = "Rhythm.Extensions.Website\"
		Debug.AspNetCompiler.TargetPath = "PrecompiledWeb\Rhythm.Extensions.Website\"
		Debug.AspNetCompiler.Updateable = "true"
		Debug.AspNetCompiler.ForceOverwrite = "true"
		Debug.AspNetCompiler.FixedNames = "false"
		Debug.AspNetCompiler.Debug = "True"
		Release.AspNetCompiler.VirtualPath = "/Rhythm.Extensions.Website"
		Release.AspNetCompiler.PhysicalPath = "Rhythm.Extensions.Website\"
		Release.AspNetCompiler.TargetPath = "PrecompiledWeb\Rhythm.Extensions.Website\"
		Release.AspNetCompiler.Updateable = "true"
		Release.AspNetCompiler.ForceOverwrite = "true"
		Release.AspNetCompiler.FixedNames = "false"
		Release.AspNetCompiler.Debug = "False"
		SlnRelativePath = "Rhythm.Extensions.Website\"
	EndProjectSection
EndProject
Project("{FAE04EC0-301F-11D3-BF4B-00C04F79EFBC}") = "Rhythm.Extensions", "Rhythm.Extensions\Rhythm.Extensions.csproj", "{0129ED87-1ABB-43D0-81B9-E602943400B1}"
EndProject
Project("{FAE04EC0-301F-11D3-BF4B-00C04F79EFBC}") = "Rhythm.Extensions.Umbraco7", "Rhythm.Extensions7\Rhythm.Extensions.Umbraco7.csproj", "{911F0B60-D307-46BB-9708-8CC5A44C25F3}"
EndProject
Project("{FAE04EC0-301F-11D3-BF4B-00C04F79EFBC}") = "Rhythm.Extensions.Umbraco7.NoContour", "Rhythm.Extensions7.NoContour\Rhythm.Extensions.Umbraco7.NoContour.csproj", "{EA1C5A0E-86D8-4745-8554-04259A78739C}"
EndProject
Global
	GlobalSection(SolutionConfigurationPlatforms) = preSolution
		Debug|Any CPU = Debug|Any CPU
		Release|Any CPU = Release|Any CPU
	EndGlobalSection
	GlobalSection(ProjectConfigurationPlatforms) = postSolution
		{9245C122-02C1-4E76-8A1B-70F9721E13F0}.Debug|Any CPU.ActiveCfg = Debug|Any CPU
		{9245C122-02C1-4E76-8A1B-70F9721E13F0}.Debug|Any CPU.Build.0 = Debug|Any CPU
		{9245C122-02C1-4E76-8A1B-70F9721E13F0}.Release|Any CPU.ActiveCfg = Debug|Any CPU
		{9245C122-02C1-4E76-8A1B-70F9721E13F0}.Release|Any CPU.Build.0 = Debug|Any CPU
		{0129ED87-1ABB-43D0-81B9-E602943400B1}.Debug|Any CPU.ActiveCfg = Debug|Any CPU
		{0129ED87-1ABB-43D0-81B9-E602943400B1}.Debug|Any CPU.Build.0 = Debug|Any CPU
		{0129ED87-1ABB-43D0-81B9-E602943400B1}.Release|Any CPU.ActiveCfg = Release|Any CPU
		{0129ED87-1ABB-43D0-81B9-E602943400B1}.Release|Any CPU.Build.0 = Release|Any CPU
		{911F0B60-D307-46BB-9708-8CC5A44C25F3}.Debug|Any CPU.ActiveCfg = Debug|Any CPU
		{911F0B60-D307-46BB-9708-8CC5A44C25F3}.Debug|Any CPU.Build.0 = Debug|Any CPU
		{911F0B60-D307-46BB-9708-8CC5A44C25F3}.Release|Any CPU.ActiveCfg = Release|Any CPU
		{911F0B60-D307-46BB-9708-8CC5A44C25F3}.Release|Any CPU.Build.0 = Release|Any CPU
		{EA1C5A0E-86D8-4745-8554-04259A78739C}.Debug|Any CPU.ActiveCfg = Debug|Any CPU
		{EA1C5A0E-86D8-4745-8554-04259A78739C}.Debug|Any CPU.Build.0 = Debug|Any CPU
		{EA1C5A0E-86D8-4745-8554-04259A78739C}.Release|Any CPU.ActiveCfg = Release|Any CPU
		{EA1C5A0E-86D8-4745-8554-04259A78739C}.Release|Any CPU.Build.0 = Release|Any CPU
	EndGlobalSection
	GlobalSection(SolutionProperties) = preSolution
		HideSolutionNode = FALSE
	EndGlobalSection
EndGlobal
